
Microsoft Visual Studio Solution File, Format Version 12.00
# Visual Studio 15
VisualStudioVersion = 15.0.26730.12
MinimumVisualStudioVersion = 10.0.40219.1
Project("{FAE04EC0-301F-11D3-BF4B-00C04F79EFBC}") = "CNUnit", "CNUnit\CNUnit.csproj", "{71F23DA8-0F98-4BE0-BF4F-9CF7C1A8677A}"
EndProject
Project("{FAE04EC0-301F-11D3-BF4B-00C04F79EFBC}") = "DebugTests", "DebugTests\DebugTests.csproj", "{1EDE0496-BB9E-40D0-9E6B-0D2C1421D877}"
EndProject
Global
	GlobalSection(SolutionConfigurationPlatforms) = preSolution
		Debug|Any CPU = Debug|Any CPU
		Release|Any CPU = Release|Any CPU
	EndGlobalSection
	GlobalSection(ProjectConfigurationPlatforms) = postSolution
		{71F23DA8-0F98-4BE0-BF4F-9CF7C1A8677A}.Debug|Any CPU.ActiveCfg = Debug|Any CPU
		{71F23DA8-0F98-4BE0-BF4F-9CF7C1A8677A}.Debug|Any CPU.Build.0 = Debug|Any CPU
		{71F23DA8-0F98-4BE0-BF4F-9CF7C1A8677A}.Release|Any CPU.ActiveCfg = Release|Any CPU
		{71F23DA8-0F98-4BE0-BF4F-9CF7C1A8677A}.Release|Any CPU.Build.0 = Release|Any CPU
		{1EDE0496-BB9E-40D0-9E6B-0D2C1421D877}.Debug|Any CPU.ActiveCfg = Debug|Any CPU
		{1EDE0496-BB9E-40D0-9E6B-0D2C1421D877}.Debug|Any CPU.Build.0 = Debug|Any CPU
		{1EDE0496-BB9E-40D0-9E6B-0D2C1421D877}.Release|Any CPU.ActiveCfg = Release|Any CPU
		{1EDE0496-BB9E-40D0-9E6B-0D2C1421D877}.Release|Any CPU.Build.0 = Release|Any CPU
	EndGlobalSection
	GlobalSection(SolutionProperties) = preSolution
		HideSolutionNode = FALSE
	EndGlobalSection
	GlobalSection(ExtensibilityGlobals) = postSolution
		SolutionGuid = {997AF5F0-E65F-482F-941C-1EA3E7A378C7}
	EndGlobalSection
EndGlobal
